
Microsoft Visual Studio Solution File, Format Version 12.00
# Visual Studio Version 17
VisualStudioVersion = 17.14.36203.30 d17.14
MinimumVisualStudioVersion = 10.0.40219.1
Project("{FAE04EC0-301F-11D3-BF4B-00C04F79EFBC}") = "WebLaptop", "WebLaptop\WebLaptop.csproj", "{9896E4DB-E725-4C1F-8989-73C574496043}"
EndProject
Global
	GlobalSection(SolutionConfigurationPlatforms) = preSolution
		Debug|Any CPU = Debug|Any CPU
		Release|Any CPU = Release|Any CPU
	EndGlobalSection
	GlobalSection(ProjectConfigurationPlatforms) = postSolution
		{9896E4DB-E725-4C1F-8989-73C574496043}.Debug|Any CPU.ActiveCfg = Debug|Any CPU
		{9896E4DB-E725-4C1F-8989-73C574496043}.Debug|Any CPU.Build.0 = Debug|Any CPU
		{9896E4DB-E725-4C1F-8989-73C574496043}.Release|Any CPU.ActiveCfg = Release|Any CPU
		{9896E4DB-E725-4C1F-8989-73C574496043}.Release|Any CPU.Build.0 = Release|Any CPU
	EndGlobalSection
	GlobalSection(SolutionProperties) = preSolution
		HideSolutionNode = FALSE
	EndGlobalSection
	GlobalSection(ExtensibilityGlobals) = postSolution
		SolutionGuid = {F62C60E8-2816-48A3-80E8-FD4D00CD3F29}
	EndGlobalSection
EndGlobal
